
Microsoft Visual Studio Solution File, Format Version 12.00
# Visual Studio Version 17
VisualStudioVersion = 17.9.34701.34
MinimumVisualStudioVersion = 10.0.40219.1
Project("{FAE04EC0-301F-11D3-BF4B-00C04F79EFBC}") = "Calculater", "Calculater\Calculater.csproj", "{A7D1A5EC-6F26-47DA-B20B-4D95F7799DEB}"
EndProject
Global
	GlobalSection(SolutionConfigurationPlatforms) = preSolution
		Debug|Any CPU = Debug|Any CPU
		Release|Any CPU = Release|Any CPU
	EndGlobalSection
	GlobalSection(ProjectConfigurationPlatforms) = postSolution
		{A7D1A5EC-6F26-47DA-B20B-4D95F7799DEB}.Debug|Any CPU.ActiveCfg = Debug|Any CPU
		{A7D1A5EC-6F26-47DA-B20B-4D95F7799DEB}.Debug|Any CPU.Build.0 = Debug|Any CPU
		{A7D1A5EC-6F26-47DA-B20B-4D95F7799DEB}.Release|Any CPU.ActiveCfg = Release|Any CPU
		{A7D1A5EC-6F26-47DA-B20B-4D95F7799DEB}.Release|Any CPU.Build.0 = Release|Any CPU
	EndGlobalSection
	GlobalSection(SolutionProperties) = preSolution
		HideSolutionNode = FALSE
	EndGlobalSection
	GlobalSection(ExtensibilityGlobals) = postSolution
		SolutionGuid = {32C25C19-A9E4-4A5F-9875-C45689BC812A}
	EndGlobalSection
EndGlobal
